
Microsoft Visual Studio Solution File, Format Version 12.00
# Visual Studio Version 16
VisualStudioVersion = 16.0.31410.357
MinimumVisualStudioVersion = 10.0.40219.1
Project("{FAE04EC0-301F-11D3-BF4B-00C04F79EFBC}") = "Arreglo5", "Arreglo5\Arreglo5.csproj", "{3BD54FD0-4C21-4E68-8D9F-215969BEEED6}"
EndProject
Global
	GlobalSection(SolutionConfigurationPlatforms) = preSolution
		Debug|Any CPU = Debug|Any CPU
		Release|Any CPU = Release|Any CPU
	EndGlobalSection
	GlobalSection(ProjectConfigurationPlatforms) = postSolution
		{3BD54FD0-4C21-4E68-8D9F-215969BEEED6}.Debug|Any CPU.ActiveCfg = Debug|Any CPU
		{3BD54FD0-4C21-4E68-8D9F-215969BEEED6}.Debug|Any CPU.Build.0 = Debug|Any CPU
		{3BD54FD0-4C21-4E68-8D9F-215969BEEED6}.Release|Any CPU.ActiveCfg = Release|Any CPU
		{3BD54FD0-4C21-4E68-8D9F-215969BEEED6}.Release|Any CPU.Build.0 = Release|Any CPU
	EndGlobalSection
	GlobalSection(SolutionProperties) = preSolution
		HideSolutionNode = FALSE
	EndGlobalSection
	GlobalSection(ExtensibilityGlobals) = postSolution
		SolutionGuid = {A152B99E-C110-4881-8BDD-E6530AA57715}
	EndGlobalSection
EndGlobal
